# This file is generated by running "yarn install" inside your project.
# Manual changes might be lost - proceed with caution!

__metadata:
  version: 6
  cacheKey: 8

"@cspotcode/source-map-support@npm:^0.8.0":
  version: 0.8.1
  resolution: "@cspotcode/source-map-support@npm:0.8.1"
  dependencies:
    "@jridgewell/trace-mapping": 0.3.9
  checksum: 5718f267085ed8edb3e7ef210137241775e607ee18b77d95aa5bd7514f47f5019aa2d82d96b3bf342ef7aa890a346fa1044532ff7cc3009e7d24fce3ce6200fa
  languageName: node
  linkType: hard

"@jridgewell/resolve-uri@npm:^3.0.3":
  version: 3.1.1
  resolution: "@jridgewell/resolve-uri@npm:3.1.1"
  checksum: f5b441fe7900eab4f9155b3b93f9800a916257f4e8563afbcd3b5a5337b55e52bd8ae6735453b1b745457d9f6cdb16d74cd6220bbdd98cf153239e13f6cbb653
  languageName: node
  linkType: hard

"@jridgewell/sourcemap-codec@npm:^1.4.10":
  version: 1.4.15
  resolution: "@jridgewell/sourcemap-codec@npm:1.4.15"
  checksum: b881c7e503db3fc7f3c1f35a1dd2655a188cc51a3612d76efc8a6eb74728bef5606e6758ee77423e564092b4a518aba569bbb21c9bac5ab7a35b0c6ae7e344c8
  languageName: node
  linkType: hard

"@jridgewell/trace-mapping@npm:0.3.9":
  version: 0.3.9
  resolution: "@jridgewell/trace-mapping@npm:0.3.9"
  dependencies:
    "@jridgewell/resolve-uri": ^3.0.3
    "@jridgewell/sourcemap-codec": ^1.4.10
  checksum: d89597752fd88d3f3480845691a05a44bd21faac18e2185b6f436c3b0fd0c5a859fbbd9aaa92050c4052caf325ad3e10e2e1d1b64327517471b7d51babc0ddef
  languageName: node
  linkType: hard

"@tsconfig/node10@npm:^1.0.7":
  version: 1.0.9
  resolution: "@tsconfig/node10@npm:1.0.9"
  checksum: a33ae4dc2a621c0678ac8ac4bceb8e512ae75dac65417a2ad9b022d9b5411e863c4c198b6ba9ef659e14b9fb609bbec680841a2e84c1172df7a5ffcf076539df
  languageName: node
  linkType: hard

"@tsconfig/node12@npm:^1.0.7":
  version: 1.0.11
  resolution: "@tsconfig/node12@npm:1.0.11"
  checksum: 5ce29a41b13e7897a58b8e2df11269c5395999e588b9a467386f99d1d26f6c77d1af2719e407621412520ea30517d718d5192a32403b8dfcc163bf33e40a338a
  languageName: node
  linkType: hard

"@tsconfig/node14@npm:^1.0.0":
  version: 1.0.3
  resolution: "@tsconfig/node14@npm:1.0.3"
  checksum: 19275fe80c4c8d0ad0abed6a96dbf00642e88b220b090418609c4376e1cef81bf16237bf170ad1b341452feddb8115d8dd2e5acdfdea1b27422071163dc9ba9d
  languageName: node
  linkType: hard

"@tsconfig/node16@npm:^1.0.2":
  version: 1.0.4
  resolution: "@tsconfig/node16@npm:1.0.4"
  checksum: 202319785901f942a6e1e476b872d421baec20cf09f4b266a1854060efbf78cde16a4d256e8bc949d31e6cd9a90f1e8ef8fb06af96a65e98338a2b6b0de0a0ff
  languageName: node
  linkType: hard

"@types/json-schema@npm:^7.0.12":
  version: 7.0.12
  resolution: "@types/json-schema@npm:7.0.12"
  checksum: 00239e97234eeb5ceefb0c1875d98ade6e922bfec39dd365ec6bd360b5c2f825e612ac4f6e5f1d13601b8b30f378f15e6faa805a3a732f4a1bbe61915163d293
  languageName: node
  linkType: hard

"@types/node-fetch@npm:^2.6.11":
  version: 2.6.11
  resolution: "@types/node-fetch@npm:2.6.11"
  dependencies:
    "@types/node": "*"
    form-data: ^4.0.0
  checksum: 180e4d44c432839bdf8a25251ef8c47d51e37355ddd78c64695225de8bc5dc2b50b7bb855956d471c026bb84bd7295688a0960085e7158cbbba803053492568b
  languageName: node
  linkType: hard

"@types/node@npm:*, @types/node@npm:^20.5.1":
  version: 20.5.1
  resolution: "@types/node@npm:20.5.1"
  checksum: 3dbe611cd67afa987102c8558ee70f848949c5dcfee5f60abc073e55c0d7b048e391bf06bb1e0dc052cb7210ca97136ac496cbaf6e89123c989de6bd125fde82
  languageName: node
  linkType: hard

"acorn-walk@npm:^8.1.1":
  version: 8.2.0
  resolution: "acorn-walk@npm:8.2.0"
  checksum: 1715e76c01dd7b2d4ca472f9c58968516a4899378a63ad5b6c2d668bba8da21a71976c14ec5f5b75f887b6317c4ae0b897ab141c831d741dc76024d8745f1ad1
  languageName: node
  linkType: hard

"acorn@npm:^8.4.1":
  version: 8.10.0
  resolution: "acorn@npm:8.10.0"
  bin:
    acorn: bin/acorn
  checksum: 538ba38af0cc9e5ef983aee196c4b8b4d87c0c94532334fa7e065b2c8a1f85863467bb774231aae91613fcda5e68740c15d97b1967ae3394d20faddddd8af61d
  languageName: node
  linkType: hard

"arg@npm:^4.1.0":
  version: 4.1.3
  resolution: "arg@npm:4.1.3"
  checksum: 544af8dd3f60546d3e4aff084d451b96961d2267d668670199692f8d054f0415d86fc5497d0e641e91546f0aa920e7c29e5250e99fc89f5552a34b5d93b77f43
  languageName: node
  linkType: hard

"asynckit@npm:^0.4.0":
  version: 0.4.0
  resolution: "asynckit@npm:0.4.0"
  checksum: 7b78c451df768adba04e2d02e63e2d0bf3b07adcd6e42b4cf665cb7ce899bedd344c69a1dcbce355b5f972d597b25aaa1c1742b52cffd9caccb22f348114f6be
  languageName: node
  linkType: hard

"balanced-match@npm:^1.0.0":
  version: 1.0.2
  resolution: "balanced-match@npm:1.0.2"
  checksum: 9706c088a283058a8a99e0bf91b0a2f75497f185980d9ffa8b304de1d9e58ebda7c72c07ebf01dadedaac5b2907b2c6f566f660d62bd336c3468e960403b9d65
  languageName: node
  linkType: hard

"brace-expansion@npm:^2.0.1":
  version: 2.0.1
  resolution: "brace-expansion@npm:2.0.1"
  dependencies:
    balanced-match: ^1.0.0
  checksum: a61e7cd2e8a8505e9f0036b3b6108ba5e926b4b55089eeb5550cd04a471fe216c96d4fe7e4c7f995c728c554ae20ddfc4244cad10aef255e72b62930afd233d1
  languageName: node
  linkType: hard

"combined-stream@npm:^1.0.8":
  version: 1.0.8
  resolution: "combined-stream@npm:1.0.8"
  dependencies:
    delayed-stream: ~1.0.0
  checksum: 49fa4aeb4916567e33ea81d088f6584749fc90c7abec76fd516bf1c5aa5c79f3584b5ba3de6b86d26ddd64bae5329c4c7479343250cfe71c75bb366eae53bb7c
  languageName: node
  linkType: hard

"commander@npm:^10.0.1":
  version: 10.0.1
  resolution: "commander@npm:10.0.1"
  checksum: 436901d64a818295803c1996cd856621a74f30b9f9e28a588e726b2b1670665bccd7c1a77007ebf328729f0139838a88a19265858a0fa7a8728c4656796db948
  languageName: node
  linkType: hard

"create-require@npm:^1.1.0":
  version: 1.1.1
  resolution: "create-require@npm:1.1.1"
  checksum: a9a1503d4390d8b59ad86f4607de7870b39cad43d929813599a23714831e81c520bddf61bcdd1f8e30f05fd3a2b71ae8538e946eb2786dc65c2bbc520f692eff
  languageName: node
  linkType: hard

"delayed-stream@npm:~1.0.0":
  version: 1.0.0
  resolution: "delayed-stream@npm:1.0.0"
  checksum: 46fe6e83e2cb1d85ba50bd52803c68be9bd953282fa7096f51fc29edd5d67ff84ff753c51966061e5ba7cb5e47ef6d36a91924eddb7f3f3483b1c560f77a0020
  languageName: node
  linkType: hard

"diff@npm:^4.0.1":
  version: 4.0.2
  resolution: "diff@npm:4.0.2"
  checksum: f2c09b0ce4e6b301c221addd83bf3f454c0bc00caa3dd837cf6c127d6edf7223aa2bbe3b688feea110b7f262adbfc845b757c44c8a9f8c0c5b15d8fa9ce9d20d
  languageName: node
  linkType: hard

"form-data@npm:^4.0.0":
  version: 4.0.0
  resolution: "form-data@npm:4.0.0"
  dependencies:
    asynckit: ^0.4.0
    combined-stream: ^1.0.8
    mime-types: ^2.1.12
  checksum: 01135bf8675f9d5c61ff18e2e2932f719ca4de964e3be90ef4c36aacfc7b9cb2fceb5eca0b7e0190e3383fe51c5b37f4cb80b62ca06a99aaabfcfd6ac7c9328c
  languageName: node
  linkType: hard

"fs.realpath@npm:^1.0.0":
  version: 1.0.0
  resolution: "fs.realpath@npm:1.0.0"
  checksum: 99ddea01a7e75aa276c250a04eedeffe5662bce66c65c07164ad6264f9de18fb21be9433ead460e54cff20e31721c811f4fb5d70591799df5f85dce6d6746fd0
  languageName: node
  linkType: hard

"glob@npm:^8.0.3":
  version: 8.1.0
  resolution: "glob@npm:8.1.0"
  dependencies:
    fs.realpath: ^1.0.0
    inflight: ^1.0.4
    inherits: 2
    minimatch: ^5.0.1
    once: ^1.3.0
  checksum: 92fbea3221a7d12075f26f0227abac435de868dd0736a17170663783296d0dd8d3d532a5672b4488a439bf5d7fb85cdd07c11185d6cd39184f0385cbdfb86a47
  languageName: node
  linkType: hard

"inflight@npm:^1.0.4":
  version: 1.0.6
  resolution: "inflight@npm:1.0.6"
  dependencies:
    once: ^1.3.0
    wrappy: 1
  checksum: f4f76aa072ce19fae87ce1ef7d221e709afb59d445e05d47fba710e85470923a75de35bfae47da6de1b18afc3ce83d70facf44cfb0aff89f0a3f45c0a0244dfd
  languageName: node
  linkType: hard

"inherits@npm:2":
  version: 2.0.4
  resolution: "inherits@npm:2.0.4"
  checksum: 4a48a733847879d6cf6691860a6b1e3f0f4754176e4d71494c41f3475553768b10f84b5ce1d40fbd0e34e6bfbb864ee35858ad4dd2cf31e02fc4a154b724d7f1
  languageName: node
  linkType: hard

"is-mergeable-object@npm:^1.1.1":
  version: 1.1.1
  resolution: "is-mergeable-object@npm:1.1.1"
  checksum: 19a29bc6184f8fcb0b8e868715ebd97fb3872098de759988e90a56b0999473c74b16532aeaa80d6302005f515674a791274aeb50e2e93a725e658db5adf1a388
  languageName: node
  linkType: hard

"json5@npm:^2.2.3":
  version: 2.2.3
  resolution: "json5@npm:2.2.3"
  bin:
    json5: lib/cli.js
  checksum: 2a7436a93393830bce797d4626275152e37e877b265e94ca69c99e3d20c2b9dab021279146a39cdb700e71b2dd32a4cebd1514cd57cee102b1af906ce5040349
  languageName: node
  linkType: hard

"make-error@npm:^1.1.1":
  version: 1.3.6
  resolution: "make-error@npm:1.3.6"
  checksum: b86e5e0e25f7f777b77fabd8e2cbf15737972869d852a22b7e73c17623928fccb826d8e46b9951501d3f20e51ad74ba8c59ed584f610526a48f8ccf88aaec402
  languageName: node
  linkType: hard

"mime-db@npm:1.52.0":
  version: 1.52.0
  resolution: "mime-db@npm:1.52.0"
  checksum: 0d99a03585f8b39d68182803b12ac601d9c01abfa28ec56204fa330bc9f3d1c5e14beb049bafadb3dbdf646dfb94b87e24d4ec7b31b7279ef906a8ea9b6a513f
  languageName: node
  linkType: hard

"mime-types@npm:^2.1.12":
  version: 2.1.35
  resolution: "mime-types@npm:2.1.35"
  dependencies:
    mime-db: 1.52.0
  checksum: 89a5b7f1def9f3af5dad6496c5ed50191ae4331cc5389d7c521c8ad28d5fdad2d06fd81baf38fed813dc4e46bb55c8145bb0ff406330818c9cf712fb2e9b3836
  languageName: node
  linkType: hard

"minimatch@npm:^5.0.1":
  version: 5.1.6
  resolution: "minimatch@npm:5.1.6"
  dependencies:
    brace-expansion: ^2.0.1
  checksum: 7564208ef81d7065a370f788d337cd80a689e981042cb9a1d0e6580b6c6a8c9279eba80010516e258835a988363f99f54a6f711a315089b8b42694f5da9d0d77
  languageName: node
  linkType: hard

"node-fetch@npm:^2":
  version: 2.7.0
  resolution: "node-fetch@npm:2.7.0"
  dependencies:
    whatwg-url: ^5.0.0
  peerDependencies:
    encoding: ^0.1.0
  peerDependenciesMeta:
    encoding:
      optional: true
  checksum: d76d2f5edb451a3f05b15115ec89fc6be39de37c6089f1b6368df03b91e1633fd379a7e01b7ab05089a25034b2023d959b47e59759cb38d88341b2459e89d6e5
  languageName: node
  linkType: hard

"normalize-path@npm:^3.0.0":
  version: 3.0.0
  resolution: "normalize-path@npm:3.0.0"
  checksum: 88eeb4da891e10b1318c4b2476b6e2ecbeb5ff97d946815ffea7794c31a89017c70d7f34b3c2ebf23ef4e9fc9fb99f7dffe36da22011b5b5c6ffa34f4873ec20
  languageName: node
  linkType: hard

"once@npm:^1.3.0":
  version: 1.4.0
  resolution: "once@npm:1.4.0"
  dependencies:
    wrappy: 1
  checksum: cd0a88501333edd640d95f0d2700fbde6bff20b3d4d9bdc521bdd31af0656b5706570d6c6afe532045a20bb8dc0849f8332d6f2a416e0ba6d3d3b98806c7db68
  languageName: node
  linkType: hard

"safe-stable-stringify@npm:^2.4.3":
  version: 2.4.3
  resolution: "safe-stable-stringify@npm:2.4.3"
  checksum: 3aeb64449706ee1f5ad2459fc99648b131d48e7a1fbb608d7c628020177512dc9d94108a5cb61bbc953985d313d0afea6566d243237743e02870490afef04b43
  languageName: node
  linkType: hard

"sortobject@npm:^4.16.0":
  version: 4.16.0
  resolution: "sortobject@npm:4.16.0"
  checksum: 4212571c41cd5e265e3aa6531153c2ad6862f4b5dd8059647b4b89fdeee23ad8762dc8f3c0fc3c1756c9f87d1b46ba0e49b753c8ab7bd18c1a5bb75be2102c9a
  languageName: node
  linkType: hard

"templates@workspace:.":
  version: 0.0.0-use.local
  resolution: "templates@workspace:."
  dependencies:
    "@types/node": ^20.5.1
    "@types/node-fetch": ^2.6.11
    node-fetch: ^2
    ts-node: ^10.9.1
    ts-to-json: ^1.8.3
    typescript: ^5.1.6
  languageName: unknown
  linkType: soft

"tr46@npm:~0.0.3":
  version: 0.0.3
  resolution: "tr46@npm:0.0.3"
  checksum: 726321c5eaf41b5002e17ffbd1fb7245999a073e8979085dacd47c4b4e8068ff5777142fc6726d6ca1fd2ff16921b48788b87225cbc57c72636f6efa8efbffe3
  languageName: node
  linkType: hard

"ts-node@npm:^10.9.1":
  version: 10.9.1
  resolution: "ts-node@npm:10.9.1"
  dependencies:
    "@cspotcode/source-map-support": ^0.8.0
    "@tsconfig/node10": ^1.0.7
    "@tsconfig/node12": ^1.0.7
    "@tsconfig/node14": ^1.0.0
    "@tsconfig/node16": ^1.0.2
    acorn: ^8.4.1
    acorn-walk: ^8.1.1
    arg: ^4.1.0
    create-require: ^1.1.0
    diff: ^4.0.1
    make-error: ^1.1.1
    v8-compile-cache-lib: ^3.0.1
    yn: 3.1.1
  peerDependencies:
    "@swc/core": ">=1.2.50"
    "@swc/wasm": ">=1.2.50"
    "@types/node": "*"
    typescript: ">=2.7"
  peerDependenciesMeta:
    "@swc/core":
      optional: true
    "@swc/wasm":
      optional: true
  bin:
    ts-node: dist/bin.js
    ts-node-cwd: dist/bin-cwd.js
    ts-node-esm: dist/bin-esm.js
    ts-node-script: dist/bin-script.js
    ts-node-transpile-only: dist/bin-transpile.js
    ts-script: dist/bin-script-deprecated.js
  checksum: 090adff1302ab20bd3486e6b4799e90f97726ed39e02b39e566f8ab674fd5bd5f727f43615debbfc580d33c6d9d1c6b1b3ce7d8e3cca3e20530a145ffa232c35
  languageName: node
  linkType: hard

"ts-to-json@npm:^1.8.3":
  version: 1.8.3
  resolution: "ts-to-json@npm:1.8.3"
  dependencies:
    "@types/json-schema": ^7.0.12
    commander: ^10.0.1
    glob: ^8.0.3
    is-mergeable-object: ^1.1.1
    json5: ^2.2.3
    normalize-path: ^3.0.0
    safe-stable-stringify: ^2.4.3
    sortobject: ^4.16.0
    typescript: ~5.1.3
  bin:
    ts-to-json: bin/ts-to-json
  checksum: 0e4f227e991b5089b31b8d02595fc192b97daf74881cda98fbd4b8a63366f5f599d19d788ea1351e89609b2ddfb02c2a4639abe10c21407d264043d093cb2581
  languageName: node
  linkType: hard

"typescript@npm:^5.1.6, typescript@npm:~5.1.3":
  version: 5.1.6
  resolution: "typescript@npm:5.1.6"
  bin:
    tsc: bin/tsc
    tsserver: bin/tsserver
  checksum: b2f2c35096035fe1f5facd1e38922ccb8558996331405eb00a5111cc948b2e733163cc22fab5db46992aba7dd520fff637f2c1df4996ff0e134e77d3249a7350
  languageName: node
  linkType: hard

"typescript@patch:typescript@^5.1.6#~builtin<compat/typescript>, typescript@patch:typescript@~5.1.3#~builtin<compat/typescript>":
  version: 5.1.6
  resolution: "typescript@patch:typescript@npm%3A5.1.6#~builtin<compat/typescript>::version=5.1.6&hash=5da071"
  bin:
    tsc: bin/tsc
    tsserver: bin/tsserver
  checksum: f53bfe97f7c8b2b6d23cf572750d4e7d1e0c5fff1c36d859d0ec84556a827b8785077bc27676bf7e71fae538e517c3ecc0f37e7f593be913d884805d931bc8be
  languageName: node
  linkType: hard

"v8-compile-cache-lib@npm:^3.0.1":
  version: 3.0.1
  resolution: "v8-compile-cache-lib@npm:3.0.1"
  checksum: 78089ad549e21bcdbfca10c08850022b22024cdcc2da9b168bcf5a73a6ed7bf01a9cebb9eac28e03cd23a684d81e0502797e88f3ccd27a32aeab1cfc44c39da0
  languageName: node
  linkType: hard

"webidl-conversions@npm:^3.0.0":
  version: 3.0.1
  resolution: "webidl-conversions@npm:3.0.1"
  checksum: c92a0a6ab95314bde9c32e1d0a6dfac83b578f8fa5f21e675bc2706ed6981bc26b7eb7e6a1fab158e5ce4adf9caa4a0aee49a52505d4d13c7be545f15021b17c
  languageName: node
  linkType: hard

"whatwg-url@npm:^5.0.0":
  version: 5.0.0
  resolution: "whatwg-url@npm:5.0.0"
  dependencies:
    tr46: ~0.0.3
    webidl-conversions: ^3.0.0
  checksum: b8daed4ad3356cc4899048a15b2c143a9aed0dfae1f611ebd55073310c7b910f522ad75d727346ad64203d7e6c79ef25eafd465f4d12775ca44b90fa82ed9e2c
  languageName: node
  linkType: hard

"wrappy@npm:1":
  version: 1.0.2
  resolution: "wrappy@npm:1.0.2"
  checksum: 159da4805f7e84a3d003d8841557196034155008f817172d4e986bd591f74aa82aa7db55929a54222309e01079a65a92a9e6414da5a6aa4b01ee44a511ac3ee5
  languageName: node
  linkType: hard

"yn@npm:3.1.1":
  version: 3.1.1
  resolution: "yn@npm:3.1.1"
  checksum: 2c487b0e149e746ef48cda9f8bad10fc83693cd69d7f9dcd8be4214e985de33a29c9e24f3c0d6bcf2288427040a8947406ab27f7af67ee9456e6b84854f02dd6
  languageName: node
  linkType: hard
